// !$*UTF8*$!
{
	archiveVersion = 1;
	classes = {
	};
	objectVersion = 55;
	objects = {

/* Begin PBXBuildFile section */
		9F3AC6F6279DAA77007A7410 /* AppDelegate.swift in Sources */ = {isa = PBXBuildFile; fileRef = 9F3AC6F5279DAA77007A7410 /* AppDelegate.swift */; };
		9F3AC6F8279DAA77007A7410 /* SceneDelegate.swift in Sources */ = {isa = PBXBuildFile; fileRef = 9F3AC6F7279DAA77007A7410 /* SceneDelegate.swift */; };
		9F3AC6FA279DAA77007A7410 /* ViewController.swift in Sources */ = {isa = PBXBuildFile; fileRef = 9F3AC6F9279DAA77007A7410 /* ViewController.swift */; };
		9F3AC6FD279DAA77007A7410 /* Main.storyboard in Resources */ = {isa = PBXBuildFile; fileRef = 9F3AC6FB279DAA77007A7410 /* Main.storyboard */; };
		9F3AC700279DAA77007A7410 /* metaweatherAppCent.xcdatamodeld in Sources */ = {isa = PBXBuildFile; fileRef = 9F3AC6FE279DAA77007A7410 /* metaweatherAppCent.xcdatamodeld */; };
		9F3AC702279DAA7A007A7410 /* Assets.xcassets in Resources */ = {isa = PBXBuildFile; fileRef = 9F3AC701279DAA7A007A7410 /* Assets.xcassets */; };
		9F3AC705279DAA7A007A7410 /* LaunchScreen.storyboard in Resources */ = {isa = PBXBuildFile; fileRef = 9F3AC703279DAA7A007A7410 /* LaunchScreen.storyboard */; };
		9F3AC710279DAA7B007A7410 /* metaweatherAppCentTests.swift in Sources */ = {isa = PBXBuildFile; fileRef = 9F3AC70F279DAA7B007A7410 /* metaweatherAppCentTests.swift */; };
		9F3AC71A279DAA7B007A7410 /* metaweatherAppCentUITests.swift in Sources */ = {isa = PBXBuildFile; fileRef = 9F3AC719279DAA7B007A7410 /* metaweatherAppCentUITests.swift */; };
		9F3AC71C279DAA7B007A7410 /* metaweatherAppCentUITestsLaunchTests.swift in Sources */ = {isa = PBXBuildFile; fileRef = 9F3AC71B279DAA7B007A7410 /* metaweatherAppCentUITestsLaunchTests.swift */; };
/* End PBXBuildFile section */

/* Begin PBXContainerItemProxy section */
		9F3AC70C279DAA7B007A7410 /* PBXContainerItemProxy */ = {
			isa = PBXContainerItemProxy;
			containerPortal = 9F3AC6EA279DAA77007A7410 /* Project object */;
			proxyType = 1;
			remoteGlobalIDString = 9F3AC6F1279DAA77007A7410;
			remoteInfo = metaweatherAppCent;
		};
		9F3AC716279DAA7B007A7410 /* PBXContainerItemProxy */ = {
			isa = PBXContainerItemProxy;
			containerPortal = 9F3AC6EA279DAA77007A7410 /* Project object */;
			proxyType = 1;
			remoteGlobalIDString = 9F3AC6F1279DAA77007A7410;
			remoteInfo = metaweatherAppCent;
		};
/* End PBXContainerItemProxy section */

/* Begin PBXFileReference section */
		9F3AC6F2279DAA77007A7410 /* metaweatherAppCent.app */ = {isa = PBXFileReference; explicitFileType = wrapper.application; includeInIndex = 0; path = metaweatherAppCent.app; sourceTree = BUILT_PRODUCTS_DIR; };
		9F3AC6F5279DAA77007A7410 /* AppDelegate.swift */ = {isa = PBXFileReference; lastKnownFileType = sourcecode.swift; path = AppDelegate.swift; sourceTree = "<group>"; };
		9F3AC6F7279DAA77007A7410 /* SceneDelegate.swift */ = {isa = PBXFileReference; lastKnownFileType = sourcecode.swift; path = SceneDelegate.swift; sourceTree = "<group>"; };
		9F3AC6F9279DAA77007A7410 /* ViewController.swift */ = {isa = PBXFileReference; lastKnownFileType = sourcecode.swift; path = ViewController.swift; sourceTree = "<group>"; };
		9F3AC6FC279DAA77007A7410 /* Base */ = {isa = PBXFileReference; lastKnownFileType = file.storyboard; name = Base; path = Base.lproj/Main.storyboard; sourceTree = "<group>"; };
		9F3AC6FF279DAA77007A7410 /* metaweatherAppCent.xcdatamodel */ = {isa = PBXFileReference; lastKnownFileType = wrapper.xcdatamodel; path = metaweatherAppCent.xcdatamodel; sourceTree = "<group>"; };
		9F3AC701279DAA7A007A7410 /* Assets.xcassets */ = {isa = PBXFileReference; lastKnownFileType = folder.assetcatalog; path = Assets.xcassets; sourceTree = "<group>"; };
		9F3AC704279DAA7A007A7410 /* Base */ = {isa = PBXFileReference; lastKnownFileType = file.storyboard; name = Base; path = Base.lproj/LaunchScreen.storyboard; sourceTree = "<group>"; };
		9F3AC706279DAA7A007A7410 /* Info.plist */ = {isa = PBXFileReference; lastKnownFileType = text.plist.xml; path = Info.plist; sourceTree = "<group>"; };
		9F3AC70B279DAA7B007A7410 /* metaweatherAppCentTests.xctest */ = {isa = PBXFileReference; explicitFileType = wrapper.cfbundle; includeInIndex = 0; path = metaweatherAppCentTests.xctest; sourceTree = BUILT_PRODUCTS_DIR; };
		9F3AC70F279DAA7B007A7410 /* metaweatherAppCentTests.swift */ = {isa = PBXFileReference; lastKnownFileType = sourcecode.swift; path = metaweatherAppCentTests.swift; sourceTree = "<group>"; };
		9F3AC715279DAA7B007A7410 /* metaweatherAppCentUITests.xctest */ = {isa = PBXFileReference; explicitFileType = wrapper.cfbundle; includeInIndex = 0; path = metaweatherAppCentUITests.xctest; sourceTree = BUILT_PRODUCTS_DIR; };
		9F3AC719279DAA7B007A7410 /* metaweatherAppCentUITests.swift */ = {isa = PBXFileReference; lastKnownFileType = sourcecode.swift; path = metaweatherAppCentUITests.swift; sourceTree = "<group>"; };
		9F3AC71B279DAA7B007A7410 /* metaweatherAppCentUITestsLaunchTests.swift */ = {isa = PBXFileReference; lastKnownFileType = sourcecode.swift; path = metaweatherAppCentUITestsLaunchTests.swift; sourceTree = "<group>"; };
/* End PBXFileReference section */

/* Begin PBXFrameworksBuildPhase section */
		9F3AC6EF279DAA77007A7410 /* Frameworks */ = {
			isa = PBXFrameworksBuildPhase;
			buildActionMask = 2147483647;
			files = (
			);
			runOnlyForDeploymentPostprocessing = 0;
		};
		9F3AC708279DAA7B007A7410 /* Frameworks */ = {
			isa = PBXFrameworksBuildPhase;
			buildActionMask = 2147483647;
			files = (
			);
			runOnlyForDeploymentPostprocessing = 0;
		};
		9F3AC712279DAA7B007A7410 /* Frameworks */ = {
			isa = PBXFrameworksBuildPhase;
			buildActionMask = 2147483647;
			files = (
			);
			runOnlyForDeploymentPostprocessing = 0;
		};
/* End PBXFrameworksBuildPhase section */

/* Begin PBXGroup section */
		9F3AC6E9279DAA77007A7410 = {
			isa = PBXGroup;
			children = (
				9F3AC6F4279DAA77007A7410 /* metaweatherAppCent */,
				9F3AC70E279DAA7B007A7410 /* metaweatherAppCentTests */,
				9F3AC718279DAA7B007A7410 /* metaweatherAppCentUITests */,
				9F3AC6F3279DAA77007A7410 /* Products */,
			);
			sourceTree = "<group>";
		};
		9F3AC6F3279DAA77007A7410 /* Products */ = {
			isa = PBXGroup;
			children = (
				9F3AC6F2279DAA77007A7410 /* metaweatherAppCent.app */,
				9F3AC70B279DAA7B007A7410 /* metaweatherAppCentTests.xctest */,
				9F3AC715279DAA7B007A7410 /* metaweatherAppCentUITests.xctest */,
			);
			name = Products;
			sourceTree = "<group>";
		};
		9F3AC6F4279DAA77007A7410 /* metaweatherAppCent */ = {
			isa = PBXGroup;
			children = (
				9F3AC6F5279DAA77007A7410 /* AppDelegate.swift */,
				9F3AC6F7279DAA77007A7410 /* SceneDelegate.swift */,
				9F3AC6F9279DAA77007A7410 /* ViewController.swift */,
				9F3AC6FB279DAA77007A7410 /* Main.storyboard */,
				9F3AC701279DAA7A007A7410 /* Assets.xcassets */,
				9F3AC703279DAA7A007A7410 /* LaunchScreen.storyboard */,
				9F3AC706279DAA7A007A7410 /* Info.plist */,
				9F3AC6FE279DAA77007A7410 /* metaweatherAppCent.xcdatamodeld */,
			);
			path = metaweatherAppCent;
			sourceTree = "<group>";
		};
		9F3AC70E279DAA7B007A7410 /* metaweatherAppCentTests */ = {
			isa = PBXGroup;
			children = (
				9F3AC70F279DAA7B007A7410 /* metaweatherAppCentTests.swift */,
			);
			path = metaweatherAppCentTests;
			sourceTree = "<group>";
		};
		9F3AC718279DAA7B007A7410 /* metaweatherAppCentUITests */ = {
			isa = PBXGroup;
			children = (
				9F3AC719279DAA7B007A7410 /* metaweatherAppCentUITests.swift */,
				9F3AC71B279DAA7B007A7410 /* metaweatherAppCentUITestsLaunchTests.swift */,
			);
			path = metaweatherAppCentUITests;
			sourceTree = "<group>";
		};
/* End PBXGroup section */

/* Begin PBXNativeTarget section */
		9F3AC6F1279DAA77007A7410 /* metaweatherAppCent */ = {
			isa = PBXNativeTarget;
			buildConfigurationList = 9F3AC71F279DAA7B007A7410 /* Build configuration list for PBXNativeTarget "metaweatherAppCent" */;
			buildPhases = (
				9F3AC6EE279DAA77007A7410 /* Sources */,
				9F3AC6EF279DAA77007A7410 /* Frameworks */,
				9F3AC6F0279DAA77007A7410 /* Resources */,
			);
			buildRules = (
			);
			dependencies = (
			);
			name = metaweatherAppCent;
			productName = metaweatherAppCent;
			productReference = 9F3AC6F2279DAA77007A7410 /* metaweatherAppCent.app */;
			productType = "com.apple.product-type.application";
		};
		9F3AC70A279DAA7B007A7410 /* metaweatherAppCentTests */ = {
			isa = PBXNativeTarget;
			buildConfigurationList = 9F3AC722279DAA7B007A7410 /* Build configuration list for PBXNativeTarget "metaweatherAppCentTests" */;
			buildPhases = (
				9F3AC707279DAA7B007A7410 /* Sources */,
				9F3AC708279DAA7B007A7410 /* Frameworks */,
				9F3AC709279DAA7B007A7410 /* Resources */,
			);
			buildRules = (
			);
			dependencies = (
				9F3AC70D279DAA7B007A7410 /* PBXTargetDependency */,
			);
			name = metaweatherAppCentTests;
			productName = metaweatherAppCentTests;
			productReference = 9F3AC70B279DAA7B007A7410 /* metaweatherAppCentTests.xctest */;
			productType = "com.apple.product-type.bundle.unit-test";
		};
		9F3AC714279DAA7B007A7410 /* metaweatherAppCentUITests */ = {
			isa = PBXNativeTarget;
			buildConfigurationList = 9F3AC725279DAA7B007A7410 /* Build configuration list for PBXNativeTarget "metaweatherAppCentUITests" */;
			buildPhases = (
				9F3AC711279DAA7B007A7410 /* Sources */,
				9F3AC712279DAA7B007A7410 /* Frameworks */,
				9F3AC713279DAA7B007A7410 /* Resources */,
			);
			buildRules = (
			);
			dependencies = (
				9F3AC717279DAA7B007A7410 /* PBXTargetDependency */,
			);
			name = metaweatherAppCentUITests;
			productName = metaweatherAppCentUITests;
			productReference = 9F3AC715279DAA7B007A7410 /* metaweatherAppCentUITests.xctest */;
			productType = "com.apple.product-type.bundle.ui-testing";
		};
/* End PBXNativeTarget section */

/* Begin PBXProject section */
		9F3AC6EA279DAA77007A7410 /* Project object */ = {
			isa = PBXProject;
			attributes = {
				BuildIndependentTargetsInParallel = 1;
				LastSwiftUpdateCheck = 1320;
				LastUpgradeCheck = 1320;
				TargetAttributes = {
					9F3AC6F1279DAA77007A7410 = {
						CreatedOnToolsVersion = 13.2.1;
					};
					9F3AC70A279DAA7B007A7410 = {
						CreatedOnToolsVersion = 13.2.1;
						TestTargetID = 9F3AC6F1279DAA77007A7410;
					};
					9F3AC714279DAA7B007A7410 = {
						CreatedOnToolsVersion = 13.2.1;
						TestTargetID = 9F3AC6F1279DAA77007A7410;
					};
				};
			};
			buildConfigurationList = 9F3AC6ED279DAA77007A7410 /* Build configuration list for PBXProject "metaweatherAppCent" */;
			compatibilityVersion = "Xcode 13.0";
			developmentRegion = en;
			hasScannedForEncodings = 0;
			knownRegions = (
				en,
				Base,
			);
			mainGroup = 9F3AC6E9279DAA77007A7410;
			productRefGroup = 9F3AC6F3279DAA77007A7410 /* Products */;
			projectDirPath = "";
			projectRoot = "";
			targets = (
				9F3AC6F1279DAA77007A7410 /* metaweatherAppCent */,
				9F3AC70A279DAA7B007A7410 /* metaweatherAppCentTests */,
				9F3AC714279DAA7B007A7410 /* metaweatherAppCentUITests */,
			);
		};
/* End PBXProject section */

/* Begin PBXResourcesBuildPhase section */
		9F3AC6F0279DAA77007A7410 /* Resources */ = {
			isa = PBXResourcesBuildPhase;
			buildActionMask = 2147483647;
			files = (
				9F3AC705279DAA7A007A7410 /* LaunchScreen.storyboard in Resources */,
				9F3AC702279DAA7A007A7410 /* Assets.xcassets in Resources */,
				9F3AC6FD279DAA77007A7410 /* Main.storyboard in Resources */,
			);
			runOnlyForDeploymentPostprocessing = 0;
		};
		9F3AC709279DAA7B007A7410 /* Resources */ = {
			isa = PBXResourcesBuildPhase;
			buildActionMask = 2147483647;
			files = (
			);
			runOnlyForDeploymentPostprocessing = 0;
		};
		9F3AC713279DAA7B007A7410 /* Resources */ = {
			isa = PBXResourcesBuildPhase;
			buildActionMask = 2147483647;
			files = (
			);
			runOnlyForDeploymentPostprocessing = 0;
		};
/* End PBXResourcesBuildPhase section */

/* Begin PBXSourcesBuildPhase section */
		9F3AC6EE279DAA77007A7410 /* Sources */ = {
			isa = PBXSourcesBuildPhase;
			buildActionMask = 2147483647;
			files = (
				9F3AC6FA279DAA77007A7410 /* ViewController.swift in Sources */,
				9F3AC700279DAA77007A7410 /* metaweatherAppCent.xcdatamodeld in Sources */,
				9F3AC6F6279DAA77007A7410 /* AppDelegate.swift in Sources */,
				9F3AC6F8279DAA77007A7410 /* SceneDelegate.swift in Sources */,
			);
			runOnlyForDeploymentPostprocessing = 0;
		};
		9F3AC707279DAA7B007A7410 /* Sources */ = {
			isa = PBXSourcesBuildPhase;
			buildActionMask = 2147483647;
			files = (
				9F3AC710279DAA7B007A7410 /* metaweatherAppCentTests.swift in Sources */,
			);
			runOnlyForDeploymentPostprocessing = 0;
		};
		9F3AC711279DAA7B007A7410 /* Sources */ = {
			isa = PBXSourcesBuildPhase;
			buildActionMask = 2147483647;
			files = (
				9F3AC71C279DAA7B007A7410 /* metaweatherAppCentUITestsLaunchTests.swift in Sources */,
				9F3AC71A279DAA7B007A7410 /* metaweatherAppCentUITests.swift in Sources */,
			);
			runOnlyForDeploymentPostprocessing = 0;
		};
/* End PBXSourcesBuildPhase section */

/* Begin PBXTargetDependency section */
		9F3AC70D279DAA7B007A7410 /* PBXTargetDependency */ = {
			isa = PBXTargetDependency;
			target = 9F3AC6F1279DAA77007A7410 /* metaweatherAppCent */;
			targetProxy = 9F3AC70C279DAA7B007A7410 /* PBXContainerItemProxy */;
		};
		9F3AC717279DAA7B007A7410 /* PBXTargetDependency */ = {
			isa = PBXTargetDependency;
			target = 9F3AC6F1279DAA77007A7410 /* metaweatherAppCent */;
			targetProxy = 9F3AC716279DAA7B007A7410 /* PBXContainerItemProxy */;
		};
/* End PBXTargetDependency section */

/* Begin PBXVariantGroup section */
		9F3AC6FB279DAA77007A7410 /* Main.storyboard */ = {
			isa = PBXVariantGroup;
			children = (
				9F3AC6FC279DAA77007A7410 /* Base */,
			);
			name = Main.storyboard;
			sourceTree = "<group>";
		};
		9F3AC703279DAA7A007A7410 /* LaunchScreen.storyboard */ = {
			isa = PBXVariantGroup;
			children = (
				9F3AC704279DAA7A007A7410 /* Base */,
			);
			name = LaunchScreen.storyboard;
			sourceTree = "<group>";
		};
/* End PBXVariantGroup section */

/* Begin XCBuildConfiguration section */
		9F3AC71D279DAA7B007A7410 /* Debug */ = {
			isa = XCBuildConfiguration;
			buildSettings = {
				ALWAYS_SEARCH_USER_PATHS = NO;
				CLANG_ANALYZER_NONNULL = YES;
				CLANG_ANALYZER_NUMBER_OBJECT_CONVERSION = YES_AGGRESSIVE;
				CLANG_CXX_LANGUAGE_STANDARD = "gnu++17";
				CLANG_CXX_LIBRARY = "libc++";
				CLANG_ENABLE_MODULES = YES;
				CLANG_ENABLE_OBJC_ARC = YES;
				CLANG_ENABLE_OBJC_WEAK = YES;
				CLANG_WARN_BLOCK_CAPTURE_AUTORELEASING = YES;
				CLANG_WARN_BOOL_CONVERSION = YES;
				CLANG_WARN_COMMA = YES;
				CLANG_WARN_CONSTANT_CONVERSION = YES;
				CLANG_WARN_DEPRECATED_OBJC_IMPLEMENTATIONS = YES;
				CLANG_WARN_DIRECT_OBJC_ISA_USAGE = YES_ERROR;
				CLANG_WARN_DOCUMENTATION_COMMENTS = YES;
				CLANG_WARN_EMPTY_BODY = YES;
				CLANG_WARN_ENUM_CONVERSION = YES;
				CLANG_WARN_INFINITE_RECURSION = YES;
				CLANG_WARN_INT_CONVERSION = YES;
				CLANG_WARN_NON_LITERAL_NULL_CONVERSION = YES;
				CLANG_WARN_OBJC_IMPLICIT_RETAIN_SELF = YES;
				CLANG_WARN_OBJC_LITERAL_CONVERSION = YES;
				CLANG_WARN_OBJC_ROOT_CLASS = YES_ERROR;
				CLANG_WARN_QUOTED_INCLUDE_IN_FRAMEWORK_HEADER = YES;
				CLANG_WARN_RANGE_LOOP_ANALYSIS = YES;
				CLANG_WARN_STRICT_PROTOTYPES = YES;
				CLANG_WARN_SUSPICIOUS_MOVE = YES;
				CLANG_WARN_UNGUARDED_AVAILABILITY = YES_AGGRESSIVE;
				CLANG_WARN_UNREACHABLE_CODE = YES;
				CLANG_WARN__DUPLICATE_METHOD_MATCH = YES;
				COPY_PHASE_STRIP = NO;
				DEBUG_INFORMATION_FORMAT = dwarf;
				ENABLE_STRICT_OBJC_MSGSEND = YES;
				ENABLE_TESTABILITY = YES;
				GCC_C_LANGUAGE_STANDARD = gnu11;
				GCC_DYNAMIC_NO_PIC = NO;
				GCC_NO_COMMON_BLOCKS = YES;
				GCC_OPTIMIZATION_LEVEL = 0;
				GCC_PREPROCESSOR_DEFINITIONS = (
					"DEBUG=1",
					"$(inherited)",
				);
				GCC_WARN_64_TO_32_BIT_CONVERSION = YES;
				GCC_WARN_ABOUT_RETURN_TYPE = YES_ERROR;
				GCC_WARN_UNDECLARED_SELECTOR = YES;
				GCC_WARN_UNINITIALIZED_AUTOS = YES_AGGRESSIVE;
				GCC_WARN_UNUSED_FUNCTION = YES;
				GCC_WARN_UNUSED_VARIABLE = YES;
				IPHONEOS_DEPLOYMENT_TARGET = 15.2;
				MTL_ENABLE_DEBUG_INFO = INCLUDE_SOURCE;
				MTL_FAST_MATH = YES;
				ONLY_ACTIVE_ARCH = YES;
				SDKROOT = iphoneos;
				SWIFT_ACTIVE_COMPILATION_CONDITIONS = DEBUG;
				SWIFT_OPTIMIZATION_LEVEL = "-Onone";
			};
			name = Debug;
		};
		9F3AC71E279DAA7B007A7410 /* Release */ = {
			isa = XCBuildConfiguration;
			buildSettings = {
				ALWAYS_SEARCH_USER_PATHS = NO;
				CLANG_ANALYZER_NONNULL = YES;
				CLANG_ANALYZER_NUMBER_OBJECT_CONVERSION = YES_AGGRESSIVE;
				CLANG_CXX_LANGUAGE_STANDARD = "gnu++17";
				CLANG_CXX_LIBRARY = "libc++";
				CLANG_ENABLE_MODULES = YES;
				CLANG_ENABLE_OBJC_ARC = YES;
				CLANG_ENABLE_OBJC_WEAK = YES;
				CLANG_WARN_BLOCK_CAPTURE_AUTORELEASING = YES;
				CLANG_WARN_BOOL_CONVERSION = YES;
				CLANG_WARN_COMMA = YES;
				CLANG_WARN_CONSTANT_CONVERSION = YES;
				CLANG_WARN_DEPRECATED_OBJC_IMPLEMENTATIONS = YES;
				CLANG_WARN_DIRECT_OBJC_ISA_USAGE = YES_ERROR;
				CLANG_WARN_DOCUMENTATION_COMMENTS = YES;
				CLANG_WARN_EMPTY_BODY = YES;
				CLANG_WARN_ENUM_CONVERSION = YES;
				CLANG_WARN_INFINITE_RECURSION = YES;
				CLANG_WARN_INT_CONVERSION = YES;
				CLANG_WARN_NON_LITERAL_NULL_CONVERSION = YES;
				CLANG_WARN_OBJC_IMPLICIT_RETAIN_SELF = YES;
				CLANG_WARN_OBJC_LITERAL_CONVERSION = YES;
				CLANG_WARN_OBJC_ROOT_CLASS = YES_ERROR;
				CLANG_WARN_QUOTED_INCLUDE_IN_FRAMEWORK_HEADER = YES;
				CLANG_WARN_RANGE_LOOP_ANALYSIS = YES;
				CLANG_WARN_STRICT_PROTOTYPES = YES;
				CLANG_WARN_SUSPICIOUS_MOVE = YES;
				CLANG_WARN_UNGUARDED_AVAILABILITY = YES_AGGRESSIVE;
				CLANG_WARN_UNREACHABLE_CODE = YES;
				CLANG_WARN__DUPLICATE_METHOD_MATCH = YES;
				COPY_PHASE_STRIP = NO;
				DEBUG_INFORMATION_FORMAT = "dwarf-with-dsym";
				ENABLE_NS_ASSERTIONS = NO;
				ENABLE_STRICT_OBJC_MSGSEND = YES;
				GCC_C_LANGUAGE_STANDARD = gnu11;
				GCC_NO_COMMON_BLOCKS = YES;
				GCC_WARN_64_TO_32_BIT_CONVERSION = YES;
				GCC_WARN_ABOUT_RETURN_TYPE = YES_ERROR;
				GCC_WARN_UNDECLARED_SELECTOR = YES;
				GCC_WARN_UNINITIALIZED_AUTOS = YES_AGGRESSIVE;
				GCC_WARN_UNUSED_FUNCTION = YES;
				GCC_WARN_UNUSED_VARIABLE = YES;
				IPHONEOS_DEPLOYMENT_TARGET = 15.2;
				MTL_ENABLE_DEBUG_INFO = NO;
				MTL_FAST_MATH = YES;
				SDKROOT = iphoneos;
				SWIFT_COMPILATION_MODE = wholemodule;
				SWIFT_OPTIMIZATION_LEVEL = "-O";
				VALIDATE_PRODUCT = YES;
			};
			name = Release;
		};
		9F3AC720279DAA7B007A7410 /* Debug */ = {
			isa = XCBuildConfiguration;
			buildSettings = {
				ASSETCATALOG_COMPILER_APPICON_NAME = AppIcon;
				ASSETCATALOG_COMPILER_GLOBAL_ACCENT_COLOR_NAME = AccentColor;
				CODE_SIGN_STYLE = Automatic;
				CURRENT_PROJECT_VERSION = 1;
				DEVELOPMENT_TEAM = 3RQG7N49WW;
				GENERATE_INFOPLIST_FILE = YES;
				INFOPLIST_FILE = metaweatherAppCent/Info.plist;
				INFOPLIST_KEY_UIApplicationSupportsIndirectInputEvents = YES;
				INFOPLIST_KEY_UILaunchStoryboardName = LaunchScreen;
				INFOPLIST_KEY_UIMainStoryboardFile = Main;
				INFOPLIST_KEY_UISupportedInterfaceOrientations_iPad = "UIInterfaceOrientationPortrait UIInterfaceOrientationPortraitUpsideDown UIInterfaceOrientationLandscapeLeft UIInterfaceOrientationLandscapeRight";
				INFOPLIST_KEY_UISupportedInterfaceOrientations_iPhone = "UIInterfaceOrientationPortrait UIInterfaceOrientationLandscapeLeft UIInterfaceOrientationLandscapeRight";
				LD_RUNPATH_SEARCH_PATHS = (
					"$(inherited)",
					"@executable_path/Frameworks",
				);
				MARKETING_VERSION = 1.0;
				PRODUCT_BUNDLE_IDENTIFIER = com.metaweatherAppCent;
				PRODUCT_NAME = "$(TARGET_NAME)";
				SWIFT_EMIT_LOC_STRINGS = YES;
				SWIFT_VERSION = 5.0;
				TARGETED_DEVICE_FAMILY = "1,2";
			};
			name = Debug;
		};
		9F3AC721279DAA7B007A7410 /* Release */ = {
			isa = XCBuildConfiguration;
			buildSettings = {
				ASSETCATALOG_COMPILER_APPICON_NAME = AppIcon;
				ASSETCATALOG_COMPILER_GLOBAL_ACCENT_COLOR_NAME = AccentColor;
				CODE_SIGN_STYLE = Automatic;
				CURRENT_PROJECT_VERSION = 1;
				DEVELOPMENT_TEAM = 3RQG7N49WW;
				GENERATE_INFOPLIST_FILE = YES;
				INFOPLIST_FILE = metaweatherAppCent/Info.plist;
				INFOPLIST_KEY_UIApplicationSupportsIndirectInputEvents = YES;
				INFOPLIST_KEY_UILaunchStoryboardName = LaunchScreen;
				INFOPLIST_KEY_UIMainStoryboardFile = Main;
				INFOPLIST_KEY_UISupportedInterfaceOrientations_iPad = "UIInterfaceOrientationPortrait UIInterfaceOrientationPortraitUpsideDown UIInterfaceOrientationLandscapeLeft UIInterfaceOrientationLandscapeRight";
				INFOPLIST_KEY_UISupportedInterfaceOrientations_iPhone = "UIInterfaceOrientationPortrait UIInterfaceOrientationLandscapeLeft UIInterfaceOrientationLandscapeRight";
				LD_RUNPATH_SEARCH_PATHS = (
					"$(inherited)",
					"@executable_path/Frameworks",
				);
				MARKETING_VERSION = 1.0;
				PRODUCT_BUNDLE_IDENTIFIER = com.metaweatherAppCent;
				PRODUCT_NAME = "$(TARGET_NAME)";
				SWIFT_EMIT_LOC_STRINGS = YES;
				SWIFT_VERSION = 5.0;
				TARGETED_DEVICE_FAMILY = "1,2";
			};
			name = Release;
		};
		9F3AC723279DAA7B007A7410 /* Debug */ = {
			isa = XCBuildConfiguration;
			buildSettings = {
				ALWAYS_EMBED_SWIFT_STANDARD_LIBRARIES = YES;
				BUNDLE_LOADER = "$(TEST_HOST)";
				CODE_SIGN_STYLE = Automatic;
				CURRENT_PROJECT_VERSION = 1;
				DEVELOPMENT_TEAM = 3RQG7N49WW;
				GENERATE_INFOPLIST_FILE = YES;
				IPHONEOS_DEPLOYMENT_TARGET = 15.2;
				MARKETING_VERSION = 1.0;
				PRODUCT_BUNDLE_IDENTIFIER = com.metaweatherAppCentTests;
				PRODUCT_NAME = "$(TARGET_NAME)";
				SWIFT_EMIT_LOC_STRINGS = NO;
				SWIFT_VERSION = 5.0;
				TARGETED_DEVICE_FAMILY = "1,2";
				TEST_HOST = "$(BUILT_PRODUCTS_DIR)/metaweatherAppCent.app/metaweatherAppCent";
			};
			name = Debug;
		};
		9F3AC724279DAA7B007A7410 /* Release */ = {
			isa = XCBuildConfiguration;
			buildSettings = {
				ALWAYS_EMBED_SWIFT_STANDARD_LIBRARIES = YES;
				BUNDLE_LOADER = "$(TEST_HOST)";
				CODE_SIGN_STYLE = Automatic;
				CURRENT_PROJECT_VERSION = 1;
				DEVELOPMENT_TEAM = 3RQG7N49WW;
				GENERATE_INFOPLIST_FILE = YES;
				IPHONEOS_DEPLOYMENT_TARGET = 15.2;
				MARKETING_VERSION = 1.0;
				PRODUCT_BUNDLE_IDENTIFIER = com.metaweatherAppCentTests;
				PRODUCT_NAME = "$(TARGET_NAME)";
				SWIFT_EMIT_LOC_STRINGS = NO;
				SWIFT_VERSION = 5.0;
				TARGETED_DEVICE_FAMILY = "1,2";
				TEST_HOST = "$(BUILT_PRODUCTS_DIR)/metaweatherAppCent.app/metaweatherAppCent";
			};
			name = Release;
		};
		9F3AC726279DAA7B007A7410 /* Debug */ = {
			isa = XCBuildConfiguration;
			buildSettings = {
				ALWAYS_EMBED_SWIFT_STANDARD_LIBRARIES = YES;
				CODE_SIGN_STYLE = Automatic;
				CURRENT_PROJECT_VERSION = 1;
				DEVELOPMENT_TEAM = 3RQG7N49WW;
				GENERATE_INFOPLIST_FILE = YES;
				MARKETING_VERSION = 1.0;
				PRODUCT_BUNDLE_IDENTIFIER = com.metaweatherAppCentUITests;
				PRODUCT_NAME = "$(TARGET_NAME)";
				SWIFT_EMIT_LOC_STRINGS = NO;
				SWIFT_VERSION = 5.0;
				TARGETED_DEVICE_FAMILY = "1,2";
				TEST_TARGET_NAME = metaweatherAppCent;
			};
			name = Debug;
		};
		9F3AC727279DAA7B007A7410 /* Release */ = {
			isa = XCBuildConfiguration;
			buildSettings = {
				ALWAYS_EMBED_SWIFT_STANDARD_LIBRARIES = YES;
				CODE_SIGN_STYLE = Automatic;
				CURRENT_PROJECT_VERSION = 1;
				DEVELOPMENT_TEAM = 3RQG7N49WW;
				GENERATE_INFOPLIST_FILE = YES;
				MARKETING_VERSION = 1.0;
				PRODUCT_BUNDLE_IDENTIFIER = com.metaweatherAppCentUITests;
				PRODUCT_NAME = "$(TARGET_NAME)";
				SWIFT_EMIT_LOC_STRINGS = NO;
				SWIFT_VERSION = 5.0;
				TARGETED_DEVICE_FAMILY = "1,2";
				TEST_TARGET_NAME = metaweatherAppCent;
			};
			name = Release;
		};
/* End XCBuildConfiguration section */

/* Begin XCConfigurationList section */
		9F3AC6ED279DAA77007A7410 /* Build configuration list for PBXProject "metaweatherAppCent" */ = {
			isa = XCConfigurationList;
			buildConfigurations = (
				9F3AC71D279DAA7B007A7410 /* Debug */,
				9F3AC71E279DAA7B007A7410 /* Release */,
			);
			defaultConfigurationIsVisible = 0;
			defaultConfigurationName = Release;
		};
		9F3AC71F279DAA7B007A7410 /* Build configuration list for PBXNativeTarget "metaweatherAppCent" */ = {
			isa = XCConfigurationList;
			buildConfigurations = (
				9F3AC720279DAA7B007A7410 /* Debug */,
				9F3AC721279DAA7B007A7410 /* Release */,
			);
			defaultConfigurationIsVisible = 0;
			defaultConfigurationName = Release;
		};
		9F3AC722279DAA7B007A7410 /* Build configuration list for PBXNativeTarget "metaweatherAppCentTests" */ = {
			isa = XCConfigurationList;
			buildConfigurations = (
				9F3AC723279DAA7B007A7410 /* Debug */,
				9F3AC724279DAA7B007A7410 /* Release */,
			);
			defaultConfigurationIsVisible = 0;
			defaultConfigurationName = Release;
		};
		9F3AC725279DAA7B007A7410 /* Build configuration list for PBXNativeTarget "metaweatherAppCentUITests" */ = {
			isa = XCConfigurationList;
			buildConfigurations = (
				9F3AC726279DAA7B007A7410 /* Debug */,
				9F3AC727279DAA7B007A7410 /* Release */,
			);
			defaultConfigurationIsVisible = 0;
			defaultConfigurationName = Release;
		};
/* End XCConfigurationList section */

/* Begin XCVersionGroup section */
		9F3AC6FE279DAA77007A7410 /* metaweatherAppCent.xcdatamodeld */ = {
			isa = XCVersionGroup;
			children = (
				9F3AC6FF279DAA77007A7410 /* metaweatherAppCent.xcdatamodel */,
			);
			currentVersion = 9F3AC6FF279DAA77007A7410 /* metaweatherAppCent.xcdatamodel */;
			path = metaweatherAppCent.xcdatamodeld;
			sourceTree = "<group>";
			versionGroupType = wrapper.xcdatamodel;
		};
/* End XCVersionGroup section */
	};
	rootObject = 9F3AC6EA279DAA77007A7410 /* Project object */;
}
